
Microsoft Visual Studio Solution File, Format Version 12.00
# Visual Studio Version 17
VisualStudioVersion = 17.9.34902.65
MinimumVisualStudioVersion = 10.0.40219.1
Project("{9A19103F-16F7-4668-BE54-9A1E7A4F7556}") = "CoreServices", "CoreServices\CoreServices.csproj", "{2AEE6564-BAF3-4EB4-8FB4-91CDD88A8CAD}"
EndProject
Project("{9A19103F-16F7-4668-BE54-9A1E7A4F7556}") = "CoreServicesTest", "CoreServicesTest\CoreServicesTest.csproj", "{4492BD83-47FF-460E-A0FF-DD057F08C081}"
EndProject
Global
	GlobalSection(SolutionConfigurationPlatforms) = preSolution
		Debug|Any CPU = Debug|Any CPU
		Release|Any CPU = Release|Any CPU
	EndGlobalSection
	GlobalSection(ProjectConfigurationPlatforms) = postSolution
		{2AEE6564-BAF3-4EB4-8FB4-91CDD88A8CAD}.Debug|Any CPU.ActiveCfg = Debug|Any CPU
		{2AEE6564-BAF3-4EB4-8FB4-91CDD88A8CAD}.Debug|Any CPU.Build.0 = Debug|Any CPU
		{2AEE6564-BAF3-4EB4-8FB4-91CDD88A8CAD}.Release|Any CPU.ActiveCfg = Release|Any CPU
		{2AEE6564-BAF3-4EB4-8FB4-91CDD88A8CAD}.Release|Any CPU.Build.0 = Release|Any CPU
		{4492BD83-47FF-460E-A0FF-DD057F08C081}.Debug|Any CPU.ActiveCfg = Debug|Any CPU
		{4492BD83-47FF-460E-A0FF-DD057F08C081}.Debug|Any CPU.Build.0 = Debug|Any CPU
		{4492BD83-47FF-460E-A0FF-DD057F08C081}.Release|Any CPU.ActiveCfg = Release|Any CPU
		{4492BD83-47FF-460E-A0FF-DD057F08C081}.Release|Any CPU.Build.0 = Release|Any CPU
	EndGlobalSection
	GlobalSection(SolutionProperties) = preSolution
		HideSolutionNode = FALSE
	EndGlobalSection
	GlobalSection(ExtensibilityGlobals) = postSolution
		SolutionGuid = {5FD1BD75-2EA2-4B49-B31A-E2BE330078F3}
	EndGlobalSection
EndGlobal
