
Microsoft Visual Studio Solution File, Format Version 12.00
# Visual Studio Version 17
VisualStudioVersion = 17.9.34902.65
MinimumVisualStudioVersion = 10.0.40219.1
Project("{9A19103F-16F7-4668-BE54-9A1E7A4F7556}") = "CoreServices", "CoreServices\CoreServices.csproj", "{2AEE6564-BAF3-4EB4-8FB4-91CDD88A8CAD}"
EndProject
Project("{9A19103F-16F7-4668-BE54-9A1E7A4F7556}") = "CoreServices.Extension", "CoreServices.Extension\CoreServices.Extension.csproj", "{C2D4BAAA-E883-4944-B3C8-F1BC8996A6CB}"
EndProject
Project("{9A19103F-16F7-4668-BE54-9A1E7A4F7556}") = "CoreServicesWinUITest", "CoreServicesWinUITest\CoreServicesWinUITest.csproj", "{5CA1D4F1-E9B6-4D83-BC2C-B7868A695905}"
EndProject
Project("{9A19103F-16F7-4668-BE54-9A1E7A4F7556}") = "CoreServices.WinUI", "CoreServices.WinUI\CoreServices.WinUI.csproj", "{BE93CB4D-BD1B-4693-AB40-14931F46DF16}"
EndProject
Project("{9A19103F-16F7-4668-BE54-9A1E7A4F7556}") = "CoreServicesWinUILibrary", "CoreServicesWinUILibrary\CoreServicesWinUILibrary.csproj", "{B51D9222-7E44-44AC-BA51-6EDC916F4A0F}"
EndProject
Project("{9A19103F-16F7-4668-BE54-9A1E7A4F7556}") = "CoreServicesTest", "CoreServicesTest\CoreServicesTest.csproj", "{CA818239-4CFF-4727-A3D5-12EE55401D97}"
EndProject
Global
	GlobalSection(SolutionConfigurationPlatforms) = preSolution
		Debug|Any CPU = Debug|Any CPU
		Debug|ARM64 = Debug|ARM64
		Debug|x64 = Debug|x64
		Debug|x86 = Debug|x86
		Release|Any CPU = Release|Any CPU
		Release|ARM64 = Release|ARM64
		Release|x64 = Release|x64
		Release|x86 = Release|x86
	EndGlobalSection
	GlobalSection(ProjectConfigurationPlatforms) = postSolution
		{2AEE6564-BAF3-4EB4-8FB4-91CDD88A8CAD}.Debug|Any CPU.ActiveCfg = Debug|Any CPU
		{2AEE6564-BAF3-4EB4-8FB4-91CDD88A8CAD}.Debug|Any CPU.Build.0 = Debug|Any CPU
		{2AEE6564-BAF3-4EB4-8FB4-91CDD88A8CAD}.Debug|ARM64.ActiveCfg = Debug|Any CPU
		{2AEE6564-BAF3-4EB4-8FB4-91CDD88A8CAD}.Debug|ARM64.Build.0 = Debug|Any CPU
		{2AEE6564-BAF3-4EB4-8FB4-91CDD88A8CAD}.Debug|x64.ActiveCfg = Debug|Any CPU
		{2AEE6564-BAF3-4EB4-8FB4-91CDD88A8CAD}.Debug|x64.Build.0 = Debug|Any CPU
		{2AEE6564-BAF3-4EB4-8FB4-91CDD88A8CAD}.Debug|x86.ActiveCfg = Debug|Any CPU
		{2AEE6564-BAF3-4EB4-8FB4-91CDD88A8CAD}.Debug|x86.Build.0 = Debug|Any CPU
		{2AEE6564-BAF3-4EB4-8FB4-91CDD88A8CAD}.Release|Any CPU.ActiveCfg = Release|Any CPU
		{2AEE6564-BAF3-4EB4-8FB4-91CDD88A8CAD}.Release|Any CPU.Build.0 = Release|Any CPU
		{2AEE6564-BAF3-4EB4-8FB4-91CDD88A8CAD}.Release|ARM64.ActiveCfg = Release|Any CPU
		{2AEE6564-BAF3-4EB4-8FB4-91CDD88A8CAD}.Release|ARM64.Build.0 = Release|Any CPU
		{2AEE6564-BAF3-4EB4-8FB4-91CDD88A8CAD}.Release|x64.ActiveCfg = Release|Any CPU
		{2AEE6564-BAF3-4EB4-8FB4-91CDD88A8CAD}.Release|x64.Build.0 = Release|Any CPU
		{2AEE6564-BAF3-4EB4-8FB4-91CDD88A8CAD}.Release|x86.ActiveCfg = Release|Any CPU
		{2AEE6564-BAF3-4EB4-8FB4-91CDD88A8CAD}.Release|x86.Build.0 = Release|Any CPU
		{C2D4BAAA-E883-4944-B3C8-F1BC8996A6CB}.Debug|Any CPU.ActiveCfg = Debug|Any CPU
		{C2D4BAAA-E883-4944-B3C8-F1BC8996A6CB}.Debug|Any CPU.Build.0 = Debug|Any CPU
		{C2D4BAAA-E883-4944-B3C8-F1BC8996A6CB}.Debug|ARM64.ActiveCfg = Debug|Any CPU
		{C2D4BAAA-E883-4944-B3C8-F1BC8996A6CB}.Debug|ARM64.Build.0 = Debug|Any CPU
		{C2D4BAAA-E883-4944-B3C8-F1BC8996A6CB}.Debug|x64.ActiveCfg = Debug|Any CPU
		{C2D4BAAA-E883-4944-B3C8-F1BC8996A6CB}.Debug|x64.Build.0 = Debug|Any CPU
		{C2D4BAAA-E883-4944-B3C8-F1BC8996A6CB}.Debug|x86.ActiveCfg = Debug|Any CPU
		{C2D4BAAA-E883-4944-B3C8-F1BC8996A6CB}.Debug|x86.Build.0 = Debug|Any CPU
		{C2D4BAAA-E883-4944-B3C8-F1BC8996A6CB}.Release|Any CPU.ActiveCfg = Release|Any CPU
		{C2D4BAAA-E883-4944-B3C8-F1BC8996A6CB}.Release|Any CPU.Build.0 = Release|Any CPU
		{C2D4BAAA-E883-4944-B3C8-F1BC8996A6CB}.Release|ARM64.ActiveCfg = Release|Any CPU
		{C2D4BAAA-E883-4944-B3C8-F1BC8996A6CB}.Release|ARM64.Build.0 = Release|Any CPU
		{C2D4BAAA-E883-4944-B3C8-F1BC8996A6CB}.Release|x64.ActiveCfg = Release|Any CPU
		{C2D4BAAA-E883-4944-B3C8-F1BC8996A6CB}.Release|x64.Build.0 = Release|Any CPU
		{C2D4BAAA-E883-4944-B3C8-F1BC8996A6CB}.Release|x86.ActiveCfg = Release|Any CPU
		{C2D4BAAA-E883-4944-B3C8-F1BC8996A6CB}.Release|x86.Build.0 = Release|Any CPU
		{5CA1D4F1-E9B6-4D83-BC2C-B7868A695905}.Debug|Any CPU.ActiveCfg = Debug|x64
		{5CA1D4F1-E9B6-4D83-BC2C-B7868A695905}.Debug|Any CPU.Build.0 = Debug|x64
		{5CA1D4F1-E9B6-4D83-BC2C-B7868A695905}.Debug|Any CPU.Deploy.0 = Debug|x64
		{5CA1D4F1-E9B6-4D83-BC2C-B7868A695905}.Debug|ARM64.ActiveCfg = Debug|ARM64
		{5CA1D4F1-E9B6-4D83-BC2C-B7868A695905}.Debug|ARM64.Build.0 = Debug|ARM64
		{5CA1D4F1-E9B6-4D83-BC2C-B7868A695905}.Debug|ARM64.Deploy.0 = Debug|ARM64
		{5CA1D4F1-E9B6-4D83-BC2C-B7868A695905}.Debug|x64.ActiveCfg = Debug|x64
		{5CA1D4F1-E9B6-4D83-BC2C-B7868A695905}.Debug|x64.Build.0 = Debug|x64
		{5CA1D4F1-E9B6-4D83-BC2C-B7868A695905}.Debug|x64.Deploy.0 = Debug|x64
		{5CA1D4F1-E9B6-4D83-BC2C-B7868A695905}.Debug|x86.ActiveCfg = Debug|x86
		{5CA1D4F1-E9B6-4D83-BC2C-B7868A695905}.Debug|x86.Build.0 = Debug|x86
		{5CA1D4F1-E9B6-4D83-BC2C-B7868A695905}.Debug|x86.Deploy.0 = Debug|x86
		{5CA1D4F1-E9B6-4D83-BC2C-B7868A695905}.Release|Any CPU.ActiveCfg = Release|x64
		{5CA1D4F1-E9B6-4D83-BC2C-B7868A695905}.Release|Any CPU.Build.0 = Release|x64
		{5CA1D4F1-E9B6-4D83-BC2C-B7868A695905}.Release|Any CPU.Deploy.0 = Release|x64
		{5CA1D4F1-E9B6-4D83-BC2C-B7868A695905}.Release|ARM64.ActiveCfg = Release|ARM64
		{5CA1D4F1-E9B6-4D83-BC2C-B7868A695905}.Release|ARM64.Build.0 = Release|ARM64
		{5CA1D4F1-E9B6-4D83-BC2C-B7868A695905}.Release|ARM64.Deploy.0 = Release|ARM64
		{5CA1D4F1-E9B6-4D83-BC2C-B7868A695905}.Release|x64.ActiveCfg = Release|x64
		{5CA1D4F1-E9B6-4D83-BC2C-B7868A695905}.Release|x64.Build.0 = Release|x64
		{5CA1D4F1-E9B6-4D83-BC2C-B7868A695905}.Release|x64.Deploy.0 = Release|x64
		{5CA1D4F1-E9B6-4D83-BC2C-B7868A695905}.Release|x86.ActiveCfg = Release|x86
		{5CA1D4F1-E9B6-4D83-BC2C-B7868A695905}.Release|x86.Build.0 = Release|x86
		{5CA1D4F1-E9B6-4D83-BC2C-B7868A695905}.Release|x86.Deploy.0 = Release|x86
		{BE93CB4D-BD1B-4693-AB40-14931F46DF16}.Debug|Any CPU.ActiveCfg = Debug|Any CPU
		{BE93CB4D-BD1B-4693-AB40-14931F46DF16}.Debug|Any CPU.Build.0 = Debug|Any CPU
		{BE93CB4D-BD1B-4693-AB40-14931F46DF16}.Debug|ARM64.ActiveCfg = Debug|Any CPU
		{BE93CB4D-BD1B-4693-AB40-14931F46DF16}.Debug|ARM64.Build.0 = Debug|Any CPU
		{BE93CB4D-BD1B-4693-AB40-14931F46DF16}.Debug|x64.ActiveCfg = Debug|Any CPU
		{BE93CB4D-BD1B-4693-AB40-14931F46DF16}.Debug|x64.Build.0 = Debug|Any CPU
		{BE93CB4D-BD1B-4693-AB40-14931F46DF16}.Debug|x86.ActiveCfg = Debug|Any CPU
		{BE93CB4D-BD1B-4693-AB40-14931F46DF16}.Debug|x86.Build.0 = Debug|Any CPU
		{BE93CB4D-BD1B-4693-AB40-14931F46DF16}.Release|Any CPU.ActiveCfg = Release|Any CPU
		{BE93CB4D-BD1B-4693-AB40-14931F46DF16}.Release|Any CPU.Build.0 = Release|Any CPU
		{BE93CB4D-BD1B-4693-AB40-14931F46DF16}.Release|ARM64.ActiveCfg = Release|Any CPU
		{BE93CB4D-BD1B-4693-AB40-14931F46DF16}.Release|ARM64.Build.0 = Release|Any CPU
		{BE93CB4D-BD1B-4693-AB40-14931F46DF16}.Release|x64.ActiveCfg = Release|Any CPU
		{BE93CB4D-BD1B-4693-AB40-14931F46DF16}.Release|x64.Build.0 = Release|Any CPU
		{BE93CB4D-BD1B-4693-AB40-14931F46DF16}.Release|x86.ActiveCfg = Release|Any CPU
		{BE93CB4D-BD1B-4693-AB40-14931F46DF16}.Release|x86.Build.0 = Release|Any CPU
		{B51D9222-7E44-44AC-BA51-6EDC916F4A0F}.Debug|Any CPU.ActiveCfg = Debug|x64
		{B51D9222-7E44-44AC-BA51-6EDC916F4A0F}.Debug|Any CPU.Build.0 = Debug|x64
		{B51D9222-7E44-44AC-BA51-6EDC916F4A0F}.Debug|Any CPU.Deploy.0 = Debug|x64
		{B51D9222-7E44-44AC-BA51-6EDC916F4A0F}.Debug|ARM64.ActiveCfg = Debug|ARM64
		{B51D9222-7E44-44AC-BA51-6EDC916F4A0F}.Debug|ARM64.Build.0 = Debug|ARM64
		{B51D9222-7E44-44AC-BA51-6EDC916F4A0F}.Debug|ARM64.Deploy.0 = Debug|ARM64
		{B51D9222-7E44-44AC-BA51-6EDC916F4A0F}.Debug|x64.ActiveCfg = Debug|x64
		{B51D9222-7E44-44AC-BA51-6EDC916F4A0F}.Debug|x64.Build.0 = Debug|x64
		{B51D9222-7E44-44AC-BA51-6EDC916F4A0F}.Debug|x64.Deploy.0 = Debug|x64
		{B51D9222-7E44-44AC-BA51-6EDC916F4A0F}.Debug|x86.ActiveCfg = Debug|x86
		{B51D9222-7E44-44AC-BA51-6EDC916F4A0F}.Debug|x86.Build.0 = Debug|x86
		{B51D9222-7E44-44AC-BA51-6EDC916F4A0F}.Debug|x86.Deploy.0 = Debug|x86
		{B51D9222-7E44-44AC-BA51-6EDC916F4A0F}.Release|Any CPU.ActiveCfg = Release|x64
		{B51D9222-7E44-44AC-BA51-6EDC916F4A0F}.Release|Any CPU.Build.0 = Release|x64
		{B51D9222-7E44-44AC-BA51-6EDC916F4A0F}.Release|Any CPU.Deploy.0 = Release|x64
		{B51D9222-7E44-44AC-BA51-6EDC916F4A0F}.Release|ARM64.ActiveCfg = Release|ARM64
		{B51D9222-7E44-44AC-BA51-6EDC916F4A0F}.Release|ARM64.Build.0 = Release|ARM64
		{B51D9222-7E44-44AC-BA51-6EDC916F4A0F}.Release|ARM64.Deploy.0 = Release|ARM64
		{B51D9222-7E44-44AC-BA51-6EDC916F4A0F}.Release|x64.ActiveCfg = Release|x64
		{B51D9222-7E44-44AC-BA51-6EDC916F4A0F}.Release|x64.Build.0 = Release|x64
		{B51D9222-7E44-44AC-BA51-6EDC916F4A0F}.Release|x64.Deploy.0 = Release|x64
		{B51D9222-7E44-44AC-BA51-6EDC916F4A0F}.Release|x86.ActiveCfg = Release|x86
		{B51D9222-7E44-44AC-BA51-6EDC916F4A0F}.Release|x86.Build.0 = Release|x86
		{B51D9222-7E44-44AC-BA51-6EDC916F4A0F}.Release|x86.Deploy.0 = Release|x86
		{CA818239-4CFF-4727-A3D5-12EE55401D97}.Debug|Any CPU.ActiveCfg = Debug|Any CPU
		{CA818239-4CFF-4727-A3D5-12EE55401D97}.Debug|Any CPU.Build.0 = Debug|Any CPU
		{CA818239-4CFF-4727-A3D5-12EE55401D97}.Debug|ARM64.ActiveCfg = Debug|Any CPU
		{CA818239-4CFF-4727-A3D5-12EE55401D97}.Debug|ARM64.Build.0 = Debug|Any CPU
		{CA818239-4CFF-4727-A3D5-12EE55401D97}.Debug|x64.ActiveCfg = Debug|Any CPU
		{CA818239-4CFF-4727-A3D5-12EE55401D97}.Debug|x64.Build.0 = Debug|Any CPU
		{CA818239-4CFF-4727-A3D5-12EE55401D97}.Debug|x86.ActiveCfg = Debug|Any CPU
		{CA818239-4CFF-4727-A3D5-12EE55401D97}.Debug|x86.Build.0 = Debug|Any CPU
		{CA818239-4CFF-4727-A3D5-12EE55401D97}.Release|Any CPU.ActiveCfg = Release|Any CPU
		{CA818239-4CFF-4727-A3D5-12EE55401D97}.Release|Any CPU.Build.0 = Release|Any CPU
		{CA818239-4CFF-4727-A3D5-12EE55401D97}.Release|ARM64.ActiveCfg = Release|Any CPU
		{CA818239-4CFF-4727-A3D5-12EE55401D97}.Release|ARM64.Build.0 = Release|Any CPU
		{CA818239-4CFF-4727-A3D5-12EE55401D97}.Release|x64.ActiveCfg = Release|Any CPU
		{CA818239-4CFF-4727-A3D5-12EE55401D97}.Release|x64.Build.0 = Release|Any CPU
		{CA818239-4CFF-4727-A3D5-12EE55401D97}.Release|x86.ActiveCfg = Release|Any CPU
		{CA818239-4CFF-4727-A3D5-12EE55401D97}.Release|x86.Build.0 = Release|Any CPU
	EndGlobalSection
	GlobalSection(SolutionProperties) = preSolution
		HideSolutionNode = FALSE
	EndGlobalSection
	GlobalSection(ExtensibilityGlobals) = postSolution
		SolutionGuid = {5FD1BD75-2EA2-4B49-B31A-E2BE330078F3}
	EndGlobalSection
EndGlobal
