
Microsoft Visual Studio Solution File, Format Version 12.00
# Visual Studio Version 17
VisualStudioVersion = 17.9.34902.65
MinimumVisualStudioVersion = 10.0.40219.1
Project("{9A19103F-16F7-4668-BE54-9A1E7A4F7556}") = "CoreLibrary.Core", "CoreLibrary.Core\CoreLibrary.Core.csproj", "{8AE537E4-18FB-476C-A43E-6C423AF284C8}"
EndProject
Project("{9A19103F-16F7-4668-BE54-9A1E7A4F7556}") = "CoreLibrary.Toolkit", "CoreLibrary.Toolkit\CoreLibrary.Toolkit.csproj", "{51BB7D1B-D359-420C-A538-4B0C58ED8456}"
EndProject
Project("{2150E333-8FDC-42A3-9474-1A3956D46DE8}") = "解决方案项", "解决方案项", "{BEFB6638-C524-45BC-BB44-4A1897C95FBD}"
	ProjectSection(SolutionItems) = preProject
		.csharpierrc = .csharpierrc
		.gitattributes = .gitattributes
		.gitignore = .gitignore
		README.md = README.md
		icon.png = icon.png
	EndProjectSection
EndProject
Project("{FAE04EC0-301F-11D3-BF4B-00C04F79EFBC}") = "CoreLibrary.Toolkit.Avalonia", "CoreLibrary.Toolkit.Avalonia\CoreLibrary.Toolkit.Avalonia.csproj", "{00268CD7-5BD0-4B9C-BE84-EB84D7E118DA}"
EndProject
Project("{FAE04EC0-301F-11D3-BF4B-00C04F79EFBC}") = "CoreLibrary.Toolkit.Test", "CoreLibrary.Toolkit.Test\CoreLibrary.Toolkit.Test.csproj", "{C19287AD-9A67-49F0-80FE-D711ED6C589E}"
EndProject
Global
	GlobalSection(SolutionConfigurationPlatforms) = preSolution
		Debug|Any CPU = Debug|Any CPU
		Debug|ARM64 = Debug|ARM64
		Debug|x64 = Debug|x64
		Debug|x86 = Debug|x86
		Release|Any CPU = Release|Any CPU
		Release|ARM64 = Release|ARM64
		Release|x64 = Release|x64
		Release|x86 = Release|x86
	EndGlobalSection
	GlobalSection(ProjectConfigurationPlatforms) = postSolution
		{8AE537E4-18FB-476C-A43E-6C423AF284C8}.Debug|Any CPU.ActiveCfg = Debug|Any CPU
		{8AE537E4-18FB-476C-A43E-6C423AF284C8}.Debug|Any CPU.Build.0 = Debug|Any CPU
		{8AE537E4-18FB-476C-A43E-6C423AF284C8}.Debug|ARM64.ActiveCfg = Debug|Any CPU
		{8AE537E4-18FB-476C-A43E-6C423AF284C8}.Debug|ARM64.Build.0 = Debug|Any CPU
		{8AE537E4-18FB-476C-A43E-6C423AF284C8}.Debug|x64.ActiveCfg = Debug|Any CPU
		{8AE537E4-18FB-476C-A43E-6C423AF284C8}.Debug|x64.Build.0 = Debug|Any CPU
		{8AE537E4-18FB-476C-A43E-6C423AF284C8}.Debug|x86.ActiveCfg = Debug|Any CPU
		{8AE537E4-18FB-476C-A43E-6C423AF284C8}.Debug|x86.Build.0 = Debug|Any CPU
		{8AE537E4-18FB-476C-A43E-6C423AF284C8}.Release|Any CPU.ActiveCfg = Release|Any CPU
		{8AE537E4-18FB-476C-A43E-6C423AF284C8}.Release|Any CPU.Build.0 = Release|Any CPU
		{8AE537E4-18FB-476C-A43E-6C423AF284C8}.Release|ARM64.ActiveCfg = Release|Any CPU
		{8AE537E4-18FB-476C-A43E-6C423AF284C8}.Release|ARM64.Build.0 = Release|Any CPU
		{8AE537E4-18FB-476C-A43E-6C423AF284C8}.Release|x64.ActiveCfg = Release|Any CPU
		{8AE537E4-18FB-476C-A43E-6C423AF284C8}.Release|x64.Build.0 = Release|Any CPU
		{8AE537E4-18FB-476C-A43E-6C423AF284C8}.Release|x86.ActiveCfg = Release|Any CPU
		{8AE537E4-18FB-476C-A43E-6C423AF284C8}.Release|x86.Build.0 = Release|Any CPU
		{51BB7D1B-D359-420C-A538-4B0C58ED8456}.Debug|Any CPU.ActiveCfg = Debug|Any CPU
		{51BB7D1B-D359-420C-A538-4B0C58ED8456}.Debug|Any CPU.Build.0 = Debug|Any CPU
		{51BB7D1B-D359-420C-A538-4B0C58ED8456}.Debug|ARM64.ActiveCfg = Debug|Any CPU
		{51BB7D1B-D359-420C-A538-4B0C58ED8456}.Debug|ARM64.Build.0 = Debug|Any CPU
		{51BB7D1B-D359-420C-A538-4B0C58ED8456}.Debug|x64.ActiveCfg = Debug|Any CPU
		{51BB7D1B-D359-420C-A538-4B0C58ED8456}.Debug|x64.Build.0 = Debug|Any CPU
		{51BB7D1B-D359-420C-A538-4B0C58ED8456}.Debug|x86.ActiveCfg = Debug|Any CPU
		{51BB7D1B-D359-420C-A538-4B0C58ED8456}.Debug|x86.Build.0 = Debug|Any CPU
		{51BB7D1B-D359-420C-A538-4B0C58ED8456}.Release|Any CPU.ActiveCfg = Release|Any CPU
		{51BB7D1B-D359-420C-A538-4B0C58ED8456}.Release|Any CPU.Build.0 = Release|Any CPU
		{51BB7D1B-D359-420C-A538-4B0C58ED8456}.Release|ARM64.ActiveCfg = Release|Any CPU
		{51BB7D1B-D359-420C-A538-4B0C58ED8456}.Release|ARM64.Build.0 = Release|Any CPU
		{51BB7D1B-D359-420C-A538-4B0C58ED8456}.Release|x64.ActiveCfg = Release|Any CPU
		{51BB7D1B-D359-420C-A538-4B0C58ED8456}.Release|x64.Build.0 = Release|Any CPU
		{51BB7D1B-D359-420C-A538-4B0C58ED8456}.Release|x86.ActiveCfg = Release|Any CPU
		{51BB7D1B-D359-420C-A538-4B0C58ED8456}.Release|x86.Build.0 = Release|Any CPU
		{00268CD7-5BD0-4B9C-BE84-EB84D7E118DA}.Debug|Any CPU.ActiveCfg = Debug|Any CPU
		{00268CD7-5BD0-4B9C-BE84-EB84D7E118DA}.Debug|Any CPU.Build.0 = Debug|Any CPU
		{00268CD7-5BD0-4B9C-BE84-EB84D7E118DA}.Debug|ARM64.ActiveCfg = Debug|Any CPU
		{00268CD7-5BD0-4B9C-BE84-EB84D7E118DA}.Debug|ARM64.Build.0 = Debug|Any CPU
		{00268CD7-5BD0-4B9C-BE84-EB84D7E118DA}.Debug|x64.ActiveCfg = Debug|Any CPU
		{00268CD7-5BD0-4B9C-BE84-EB84D7E118DA}.Debug|x64.Build.0 = Debug|Any CPU
		{00268CD7-5BD0-4B9C-BE84-EB84D7E118DA}.Debug|x86.ActiveCfg = Debug|Any CPU
		{00268CD7-5BD0-4B9C-BE84-EB84D7E118DA}.Debug|x86.Build.0 = Debug|Any CPU
		{00268CD7-5BD0-4B9C-BE84-EB84D7E118DA}.Release|Any CPU.ActiveCfg = Release|Any CPU
		{00268CD7-5BD0-4B9C-BE84-EB84D7E118DA}.Release|Any CPU.Build.0 = Release|Any CPU
		{00268CD7-5BD0-4B9C-BE84-EB84D7E118DA}.Release|ARM64.ActiveCfg = Release|Any CPU
		{00268CD7-5BD0-4B9C-BE84-EB84D7E118DA}.Release|ARM64.Build.0 = Release|Any CPU
		{00268CD7-5BD0-4B9C-BE84-EB84D7E118DA}.Release|x64.ActiveCfg = Release|Any CPU
		{00268CD7-5BD0-4B9C-BE84-EB84D7E118DA}.Release|x64.Build.0 = Release|Any CPU
		{00268CD7-5BD0-4B9C-BE84-EB84D7E118DA}.Release|x86.ActiveCfg = Release|Any CPU
		{00268CD7-5BD0-4B9C-BE84-EB84D7E118DA}.Release|x86.Build.0 = Release|Any CPU
		{C19287AD-9A67-49F0-80FE-D711ED6C589E}.Debug|Any CPU.ActiveCfg = Debug|Any CPU
		{C19287AD-9A67-49F0-80FE-D711ED6C589E}.Debug|Any CPU.Build.0 = Debug|Any CPU
		{C19287AD-9A67-49F0-80FE-D711ED6C589E}.Debug|ARM64.ActiveCfg = Debug|Any CPU
		{C19287AD-9A67-49F0-80FE-D711ED6C589E}.Debug|ARM64.Build.0 = Debug|Any CPU
		{C19287AD-9A67-49F0-80FE-D711ED6C589E}.Debug|x64.ActiveCfg = Debug|Any CPU
		{C19287AD-9A67-49F0-80FE-D711ED6C589E}.Debug|x64.Build.0 = Debug|Any CPU
		{C19287AD-9A67-49F0-80FE-D711ED6C589E}.Debug|x86.ActiveCfg = Debug|Any CPU
		{C19287AD-9A67-49F0-80FE-D711ED6C589E}.Debug|x86.Build.0 = Debug|Any CPU
		{C19287AD-9A67-49F0-80FE-D711ED6C589E}.Release|Any CPU.ActiveCfg = Release|Any CPU
		{C19287AD-9A67-49F0-80FE-D711ED6C589E}.Release|Any CPU.Build.0 = Release|Any CPU
		{C19287AD-9A67-49F0-80FE-D711ED6C589E}.Release|ARM64.ActiveCfg = Release|Any CPU
		{C19287AD-9A67-49F0-80FE-D711ED6C589E}.Release|ARM64.Build.0 = Release|Any CPU
		{C19287AD-9A67-49F0-80FE-D711ED6C589E}.Release|x64.ActiveCfg = Release|Any CPU
		{C19287AD-9A67-49F0-80FE-D711ED6C589E}.Release|x64.Build.0 = Release|Any CPU
		{C19287AD-9A67-49F0-80FE-D711ED6C589E}.Release|x86.ActiveCfg = Release|Any CPU
		{C19287AD-9A67-49F0-80FE-D711ED6C589E}.Release|x86.Build.0 = Release|Any CPU
	EndGlobalSection
	GlobalSection(SolutionProperties) = preSolution
		HideSolutionNode = FALSE
	EndGlobalSection
	GlobalSection(ExtensibilityGlobals) = postSolution
		SolutionGuid = {5FD1BD75-2EA2-4B49-B31A-E2BE330078F3}
	EndGlobalSection
EndGlobal
